// !$*UTF8*$!
{
	archiveVersion = 1;
	classes = {
	};
	objectVersion = 45;
	objects = {

/* Begin PBXBuildFile section */
		8DC2EF530486A6940098B216 /* InfoPlist.strings in Resources */ = {isa = PBXBuildFile; fileRef = 089C1666FE841158C02AAC07 /* InfoPlist.strings */; };
		8DC2EF570486A6940098B216 /* Cocoa.framework in Frameworks */ = {isa = PBXBuildFile; fileRef = 1058C7B1FEA5585E11CA2CBB /* Cocoa.framework */; };
		BA02CAC11303F15E0040907F /* grammar.txt in Resources */ = {isa = PBXBuildFile; fileRef = BA02CAC01303F15E0040907F /* grammar.txt */; };
		BA03AF7A13043AA8003BA7FE /* DocumentParsingSpec.m in Sources */ = {isa = PBXBuildFile; fileRef = BAB4C59912F1BAB90071765F /* DocumentParsingSpec.m */; };
		BA4899EA12F1C912009349BF /* OCHamcrest.framework in Frameworks */ = {isa = PBXBuildFile; fileRef = BA4899E912F1C912009349BF /* OCHamcrest.framework */; };
		BA489B1112F1D840009349BF /* OCHamcrest.framework in CopyFiles */ = {isa = PBXBuildFile; fileRef = BA4899E912F1C912009349BF /* OCHamcrest.framework */; };
		BA489B8D12F2C5C9009349BF /* NMParser.h in Headers */ = {isa = PBXBuildFile; fileRef = BA489B8B12F2C5C9009349BF /* NMParser.h */; };
		BA489B8E12F2C5C9009349BF /* NMParser.m in Sources */ = {isa = PBXBuildFile; fileRef = BA489B8C12F2C5C9009349BF /* NMParser.m */; };
		BA489B8F12F2C5C9009349BF /* NMParser.m in Sources */ = {isa = PBXBuildFile; fileRef = BA489B8C12F2C5C9009349BF /* NMParser.m */; };
		BA489B9612F2C5E4009349BF /* NMDocument.h in Headers */ = {isa = PBXBuildFile; fileRef = BA489B9412F2C5E4009349BF /* NMDocument.h */; };
		BA489B9712F2C5E4009349BF /* NMDocument.m in Sources */ = {isa = PBXBuildFile; fileRef = BA489B9512F2C5E4009349BF /* NMDocument.m */; };
		BA489B9812F2C5E4009349BF /* NMDocument.m in Sources */ = {isa = PBXBuildFile; fileRef = BA489B9512F2C5E4009349BF /* NMDocument.m */; };
		BA489B9B12F2C5F3009349BF /* NMParagraph.m in Sources */ = {isa = PBXBuildFile; fileRef = BA489B9A12F2C5F3009349BF /* NMParagraph.m */; };
		BA489B9C12F2C5F3009349BF /* NMParagraph.h in Headers */ = {isa = PBXBuildFile; fileRef = BA489B9912F2C5F3009349BF /* NMParagraph.h */; };
		BA489B9D12F2C5F3009349BF /* NMParagraph.m in Sources */ = {isa = PBXBuildFile; fileRef = BA489B9A12F2C5F3009349BF /* NMParagraph.m */; };
		BA489D2412F2D119009349BF /* ParseKit.framework in Frameworks */ = {isa = PBXBuildFile; fileRef = BA489D2312F2D119009349BF /* ParseKit.framework */; };
		BA489D3712F2D1A2009349BF /* NMDocumentAssembler.h in Headers */ = {isa = PBXBuildFile; fileRef = BA489D3512F2D1A2009349BF /* NMDocumentAssembler.h */; };
		BA489D3812F2D1A2009349BF /* NMDocumentAssembler.m in Sources */ = {isa = PBXBuildFile; fileRef = BA489D3612F2D1A2009349BF /* NMDocumentAssembler.m */; };
		BA489D4012F2D29C009349BF /* ParseKit.framework in Frameworks */ = {isa = PBXBuildFile; fileRef = BA489D2312F2D119009349BF /* ParseKit.framework */; };
		BA489D7A12F2D2B7009349BF /* NMDocumentAssembler.m in Sources */ = {isa = PBXBuildFile; fileRef = BA489D3612F2D1A2009349BF /* NMDocumentAssembler.m */; };
		BA9CAC9D1303C963002A75AC /* InlineMarkupSpec.m in Sources */ = {isa = PBXBuildFile; fileRef = BA9CAC9C1303C963002A75AC /* InlineMarkupSpec.m */; };
		BA9CACB21303D47C002A75AC /* NMText.m in Sources */ = {isa = PBXBuildFile; fileRef = BA9CACB11303D47C002A75AC /* NMText.m */; };
		BA9CACB31303D47C002A75AC /* NMText.h in Headers */ = {isa = PBXBuildFile; fileRef = BA9CACB01303D47C002A75AC /* NMText.h */; };
		BA9CACB41303D47C002A75AC /* NMText.m in Sources */ = {isa = PBXBuildFile; fileRef = BA9CACB11303D47C002A75AC /* NMText.m */; };
		BA9CAD1A1303DF7A002A75AC /* NMEmphasizedText.m in Sources */ = {isa = PBXBuildFile; fileRef = BA9CAD191303DF7A002A75AC /* NMEmphasizedText.m */; };
		BA9CAD1B1303DF7A002A75AC /* NMEmphasizedText.h in Headers */ = {isa = PBXBuildFile; fileRef = BA9CAD181303DF7A002A75AC /* NMEmphasizedText.h */; };
		BA9CAD1C1303DF7A002A75AC /* NMEmphasizedText.m in Sources */ = {isa = PBXBuildFile; fileRef = BA9CAD191303DF7A002A75AC /* NMEmphasizedText.m */; };
		BAB4C5D912F1BEAF0071765F /* main.m in Sources */ = {isa = PBXBuildFile; fileRef = BAB4C59812F1BAB90071765F /* main.m */; };
		BAB4C5FD12F1BF0A0071765F /* Cedar.framework in Frameworks */ = {isa = PBXBuildFile; fileRef = BAB4C5FC12F1BF0A0071765F /* Cedar.framework */; };
/* End PBXBuildFile section */

/* Begin PBXCopyFilesBuildPhase section */
		BA489B1912F1D865009349BF /* CopyFiles */ = {
			isa = PBXCopyFilesBuildPhase;
			buildActionMask = 2147483647;
			dstPath = "";
			dstSubfolderSpec = 10;
			files = (
				BA489B1112F1D840009349BF /* OCHamcrest.framework in CopyFiles */,
			);
			runOnlyForDeploymentPostprocessing = 0;
		};
/* End PBXCopyFilesBuildPhase section */

/* Begin PBXFileReference section */
		0867D69BFE84028FC02AAC07 /* Foundation.framework */ = {isa = PBXFileReference; lastKnownFileType = wrapper.framework; name = Foundation.framework; path = /System/Library/Frameworks/Foundation.framework; sourceTree = "<absolute>"; };
		0867D6A5FE840307C02AAC07 /* AppKit.framework */ = {isa = PBXFileReference; lastKnownFileType = wrapper.framework; name = AppKit.framework; path = /System/Library/Frameworks/AppKit.framework; sourceTree = "<absolute>"; };
		089C1667FE841158C02AAC07 /* English */ = {isa = PBXFileReference; fileEncoding = 4; lastKnownFileType = text.plist.strings; name = English; path = English.lproj/InfoPlist.strings; sourceTree = "<group>"; };
		1058C7B1FEA5585E11CA2CBB /* Cocoa.framework */ = {isa = PBXFileReference; lastKnownFileType = wrapper.framework; name = Cocoa.framework; path = /System/Library/Frameworks/Cocoa.framework; sourceTree = "<absolute>"; };
		32DBCF5E0370ADEE00C91783 /* MarkupParser_Prefix.pch */ = {isa = PBXFileReference; fileEncoding = 4; lastKnownFileType = sourcecode.c.h; path = MarkupParser_Prefix.pch; sourceTree = "<group>"; };
		8DC2EF5A0486A6940098B216 /* Info.plist */ = {isa = PBXFileReference; fileEncoding = 4; lastKnownFileType = text.plist.xml; path = Info.plist; sourceTree = "<group>"; };
		8DC2EF5B0486A6940098B216 /* MarkupParser.framework */ = {isa = PBXFileReference; explicitFileType = wrapper.framework; includeInIndex = 0; path = MarkupParser.framework; sourceTree = BUILT_PRODUCTS_DIR; };
		BA02CAC01303F15E0040907F /* grammar.txt */ = {isa = PBXFileReference; fileEncoding = 4; lastKnownFileType = text; path = grammar.txt; sourceTree = "<group>"; };
		BA4899E912F1C912009349BF /* OCHamcrest.framework */ = {isa = PBXFileReference; lastKnownFileType = wrapper.framework; name = OCHamcrest.framework; path = Library/Frameworks/OCHamcrest.framework; sourceTree = SDKROOT; };
		BA489B8B12F2C5C9009349BF /* NMParser.h */ = {isa = PBXFileReference; fileEncoding = 4; lastKnownFileType = sourcecode.c.h; path = NMParser.h; sourceTree = "<group>"; };
		BA489B8C12F2C5C9009349BF /* NMParser.m */ = {isa = PBXFileReference; fileEncoding = 4; lastKnownFileType = sourcecode.c.objc; path = NMParser.m; sourceTree = "<group>"; };
		BA489B9412F2C5E4009349BF /* NMDocument.h */ = {isa = PBXFileReference; fileEncoding = 4; lastKnownFileType = sourcecode.c.h; path = NMDocument.h; sourceTree = "<group>"; };
		BA489B9512F2C5E4009349BF /* NMDocument.m */ = {isa = PBXFileReference; fileEncoding = 4; lastKnownFileType = sourcecode.c.objc; path = NMDocument.m; sourceTree = "<group>"; };
		BA489B9912F2C5F3009349BF /* NMParagraph.h */ = {isa = PBXFileReference; fileEncoding = 4; lastKnownFileType = sourcecode.c.h; path = NMParagraph.h; sourceTree = "<group>"; };
		BA489B9A12F2C5F3009349BF /* NMParagraph.m */ = {isa = PBXFileReference; fileEncoding = 4; lastKnownFileType = sourcecode.c.objc; path = NMParagraph.m; sourceTree = "<group>"; };
		BA489D2312F2D119009349BF /* ParseKit.framework */ = {isa = PBXFileReference; lastKnownFileType = wrapper.framework; name = ParseKit.framework; path = Library/Frameworks/ParseKit.framework; sourceTree = SDKROOT; };
		BA489D3512F2D1A2009349BF /* NMDocumentAssembler.h */ = {isa = PBXFileReference; fileEncoding = 4; lastKnownFileType = sourcecode.c.h; path = NMDocumentAssembler.h; sourceTree = "<group>"; };
		BA489D3612F2D1A2009349BF /* NMDocumentAssembler.m */ = {isa = PBXFileReference; fileEncoding = 4; lastKnownFileType = sourcecode.c.objc; path = NMDocumentAssembler.m; sourceTree = "<group>"; };
		BA9CAC8D1303C6BE002A75AC /* TestHelper.h */ = {isa = PBXFileReference; fileEncoding = 4; lastKnownFileType = sourcecode.c.h; name = TestHelper.h; path = Specs/TestHelper.h; sourceTree = "<group>"; };
		BA9CAC9C1303C963002A75AC /* InlineMarkupSpec.m */ = {isa = PBXFileReference; fileEncoding = 4; lastKnownFileType = sourcecode.c.objc; name = InlineMarkupSpec.m; path = Specs/InlineMarkupSpec.m; sourceTree = "<group>"; };
		BA9CACB01303D47C002A75AC /* NMText.h */ = {isa = PBXFileReference; fileEncoding = 4; lastKnownFileType = sourcecode.c.h; path = NMText.h; sourceTree = "<group>"; };
		BA9CACB11303D47C002A75AC /* NMText.m */ = {isa = PBXFileReference; fileEncoding = 4; lastKnownFileType = sourcecode.c.objc; path = NMText.m; sourceTree = "<group>"; };
		BA9CAD181303DF7A002A75AC /* NMEmphasizedText.h */ = {isa = PBXFileReference; fileEncoding = 4; lastKnownFileType = sourcecode.c.h; path = NMEmphasizedText.h; sourceTree = "<group>"; };
		BA9CAD191303DF7A002A75AC /* NMEmphasizedText.m */ = {isa = PBXFileReference; fileEncoding = 4; lastKnownFileType = sourcecode.c.objc; path = NMEmphasizedText.m; sourceTree = "<group>"; };
		BAB4C59812F1BAB90071765F /* main.m */ = {isa = PBXFileReference; fileEncoding = 4; lastKnownFileType = sourcecode.c.objc; name = main.m; path = Specs/main.m; sourceTree = "<group>"; };
		BAB4C59912F1BAB90071765F /* DocumentParsingSpec.m */ = {isa = PBXFileReference; fileEncoding = 4; lastKnownFileType = sourcecode.c.objc; name = DocumentParsingSpec.m; path = Specs/DocumentParsingSpec.m; sourceTree = "<group>"; };
		BAB4C5C912F1BE580071765F /* Specs */ = {isa = PBXFileReference; explicitFileType = "compiled.mach-o.executable"; includeInIndex = 0; path = Specs; sourceTree = BUILT_PRODUCTS_DIR; };
		BAB4C5FC12F1BF0A0071765F /* Cedar.framework */ = {isa = PBXFileReference; lastKnownFileType = wrapper.framework; name = Cedar.framework; path = Library/Frameworks/Cedar.framework; sourceTree = SDKROOT; };
		D2F7E79907B2D74100F64583 /* CoreData.framework */ = {isa = PBXFileReference; lastKnownFileType = wrapper.framework; name = CoreData.framework; path = /System/Library/Frameworks/CoreData.framework; sourceTree = "<absolute>"; };
/* End PBXFileReference section */

/* Begin PBXFrameworksBuildPhase section */
		8DC2EF560486A6940098B216 /* Frameworks */ = {
			isa = PBXFrameworksBuildPhase;
			buildActionMask = 2147483647;
			files = (
				8DC2EF570486A6940098B216 /* Cocoa.framework in Frameworks */,
				BA489D2412F2D119009349BF /* ParseKit.framework in Frameworks */,
			);
			runOnlyForDeploymentPostprocessing = 0;
		};
		BAB4C5C712F1BE580071765F /* Frameworks */ = {
			isa = PBXFrameworksBuildPhase;
			buildActionMask = 2147483647;
			files = (
				BAB4C5FD12F1BF0A0071765F /* Cedar.framework in Frameworks */,
				BA4899EA12F1C912009349BF /* OCHamcrest.framework in Frameworks */,
				BA489D4012F2D29C009349BF /* ParseKit.framework in Frameworks */,
			);
			runOnlyForDeploymentPostprocessing = 0;
		};
/* End PBXFrameworksBuildPhase section */

/* Begin PBXGroup section */
		034768DFFF38A50411DB9C8B /* Products */ = {
			isa = PBXGroup;
			children = (
				8DC2EF5B0486A6940098B216 /* MarkupParser.framework */,
				BAB4C5C912F1BE580071765F /* Specs */,
			);
			name = Products;
			sourceTree = "<group>";
		};
		0867D691FE84028FC02AAC07 /* MarkupParser */ = {
			isa = PBXGroup;
			children = (
				BAB4C55212F1B9BD0071765F /* Specs */,
				08FB77AEFE84172EC02AAC07 /* Classes */,
				32C88DFF0371C24200C91783 /* Other Sources */,
				089C1665FE841158C02AAC07 /* Resources */,
				0867D69AFE84028FC02AAC07 /* External Frameworks and Libraries */,
				034768DFFF38A50411DB9C8B /* Products */,
			);
			name = MarkupParser;
			sourceTree = "<group>";
		};
		0867D69AFE84028FC02AAC07 /* External Frameworks and Libraries */ = {
			isa = PBXGroup;
			children = (
				BA489D2312F2D119009349BF /* ParseKit.framework */,
				BA4899E912F1C912009349BF /* OCHamcrest.framework */,
				BAB4C5FC12F1BF0A0071765F /* Cedar.framework */,
				1058C7B0FEA5585E11CA2CBB /* Linked Frameworks */,
				1058C7B2FEA5585E11CA2CBB /* Other Frameworks */,
			);
			name = "External Frameworks and Libraries";
			sourceTree = "<group>";
		};
		089C1665FE841158C02AAC07 /* Resources */ = {
			isa = PBXGroup;
			children = (
				8DC2EF5A0486A6940098B216 /* Info.plist */,
				089C1666FE841158C02AAC07 /* InfoPlist.strings */,
			);
			name = Resources;
			sourceTree = "<group>";
		};
		08FB77AEFE84172EC02AAC07 /* Classes */ = {
			isa = PBXGroup;
			children = (
				BA489B8B12F2C5C9009349BF /* NMParser.h */,
				BA489B8C12F2C5C9009349BF /* NMParser.m */,
				BA489B9412F2C5E4009349BF /* NMDocument.h */,
				BA489B9512F2C5E4009349BF /* NMDocument.m */,
				BA489B9912F2C5F3009349BF /* NMParagraph.h */,
				BA489B9A12F2C5F3009349BF /* NMParagraph.m */,
				BA489D3512F2D1A2009349BF /* NMDocumentAssembler.h */,
				BA489D3612F2D1A2009349BF /* NMDocumentAssembler.m */,
				BA9CACB01303D47C002A75AC /* NMText.h */,
				BA9CACB11303D47C002A75AC /* NMText.m */,
				BA9CAD181303DF7A002A75AC /* NMEmphasizedText.h */,
				BA9CAD191303DF7A002A75AC /* NMEmphasizedText.m */,
			);
			name = Classes;
			sourceTree = "<group>";
		};
		1058C7B0FEA5585E11CA2CBB /* Linked Frameworks */ = {
			isa = PBXGroup;
			children = (
				1058C7B1FEA5585E11CA2CBB /* Cocoa.framework */,
			);
			name = "Linked Frameworks";
			sourceTree = "<group>";
		};
		1058C7B2FEA5585E11CA2CBB /* Other Frameworks */ = {
			isa = PBXGroup;
			children = (
				0867D6A5FE840307C02AAC07 /* AppKit.framework */,
				D2F7E79907B2D74100F64583 /* CoreData.framework */,
				0867D69BFE84028FC02AAC07 /* Foundation.framework */,
			);
			name = "Other Frameworks";
			sourceTree = "<group>";
		};
		32C88DFF0371C24200C91783 /* Other Sources */ = {
			isa = PBXGroup;
			children = (
				32DBCF5E0370ADEE00C91783 /* MarkupParser_Prefix.pch */,
				BA02CAC01303F15E0040907F /* grammar.txt */,
			);
			name = "Other Sources";
			sourceTree = "<group>";
		};
		BAB4C55212F1B9BD0071765F /* Specs */ = {
			isa = PBXGroup;
			children = (
				BAB4C59812F1BAB90071765F /* main.m */,
				BAB4C59912F1BAB90071765F /* DocumentParsingSpec.m */,
				BA9CAC8D1303C6BE002A75AC /* TestHelper.h */,
				BA9CAC9C1303C963002A75AC /* InlineMarkupSpec.m */,
			);
			name = Specs;
			sourceTree = "<group>";
		};
/* End PBXGroup section */

/* Begin PBXHeadersBuildPhase section */
		8DC2EF500486A6940098B216 /* Headers */ = {
			isa = PBXHeadersBuildPhase;
			buildActionMask = 2147483647;
			files = (
				BA489B8D12F2C5C9009349BF /* NMParser.h in Headers */,
				BA489B9612F2C5E4009349BF /* NMDocument.h in Headers */,
				BA489B9C12F2C5F3009349BF /* NMParagraph.h in Headers */,
				BA489D3712F2D1A2009349BF /* NMDocumentAssembler.h in Headers */,
				BA9CACB31303D47C002A75AC /* NMText.h in Headers */,
				BA9CAD1B1303DF7A002A75AC /* NMEmphasizedText.h in Headers */,
			);
			runOnlyForDeploymentPostprocessing = 0;
		};
/* End PBXHeadersBuildPhase section */

/* Begin PBXNativeTarget section */
		8DC2EF4F0486A6940098B216 /* MarkupParser */ = {
			isa = PBXNativeTarget;
			buildConfigurationList = 1DEB91AD08733DA50010E9CD /* Build configuration list for PBXNativeTarget "MarkupParser" */;
			buildPhases = (
				8DC2EF500486A6940098B216 /* Headers */,
				8DC2EF520486A6940098B216 /* Resources */,
				8DC2EF540486A6940098B216 /* Sources */,
				8DC2EF560486A6940098B216 /* Frameworks */,
			);
			buildRules = (
			);
			dependencies = (
			);
			name = MarkupParser;
			productInstallPath = "$(HOME)/Library/Frameworks";
			productName = MarkupParser;
			productReference = 8DC2EF5B0486A6940098B216 /* MarkupParser.framework */;
			productType = "com.apple.product-type.framework";
		};
		BAB4C5C812F1BE580071765F /* Specs */ = {
			isa = PBXNativeTarget;
			buildConfigurationList = BAB4C5CE12F1BE6A0071765F /* Build configuration list for PBXNativeTarget "Specs" */;
			buildPhases = (
				BA489B1912F1D865009349BF /* CopyFiles */,
				BAB4C5C612F1BE580071765F /* Sources */,
				BAB4C5C712F1BE580071765F /* Frameworks */,
			);
			buildRules = (
			);
			dependencies = (
			);
			name = Specs;
			productName = Specs;
			productReference = BAB4C5C912F1BE580071765F /* Specs */;
			productType = "com.apple.product-type.tool";
		};
/* End PBXNativeTarget section */

/* Begin PBXProject section */
		0867D690FE84028FC02AAC07 /* Project object */ = {
			isa = PBXProject;
			buildConfigurationList = 1DEB91B108733DA50010E9CD /* Build configuration list for PBXProject "MarkupParser" */;
			compatibilityVersion = "Xcode 3.1";
			developmentRegion = English;
			hasScannedForEncodings = 1;
			knownRegions = (
				English,
				Japanese,
				French,
				German,
			);
			mainGroup = 0867D691FE84028FC02AAC07 /* MarkupParser */;
			productRefGroup = 034768DFFF38A50411DB9C8B /* Products */;
			projectDirPath = "";
			projectRoot = "";
			targets = (
				8DC2EF4F0486A6940098B216 /* MarkupParser */,
				BAB4C5C812F1BE580071765F /* Specs */,
			);
		};
/* End PBXProject section */

/* Begin PBXResourcesBuildPhase section */
		8DC2EF520486A6940098B216 /* Resources */ = {
			isa = PBXResourcesBuildPhase;
			buildActionMask = 2147483647;
			files = (
				8DC2EF530486A6940098B216 /* InfoPlist.strings in Resources */,
				BA02CAC11303F15E0040907F /* grammar.txt in Resources */,
			);
			runOnlyForDeploymentPostprocessing = 0;
		};
/* End PBXResourcesBuildPhase section */

/* Begin PBXSourcesBuildPhase section */
		8DC2EF540486A6940098B216 /* Sources */ = {
			isa = PBXSourcesBuildPhase;
			buildActionMask = 2147483647;
			files = (
				BA489B8E12F2C5C9009349BF /* NMParser.m in Sources */,
				BA489B9712F2C5E4009349BF /* NMDocument.m in Sources */,
				BA489B9D12F2C5F3009349BF /* NMParagraph.m in Sources */,
				BA489D3812F2D1A2009349BF /* NMDocumentAssembler.m in Sources */,
				BA9CACB41303D47C002A75AC /* NMText.m in Sources */,
				BA9CAD1C1303DF7A002A75AC /* NMEmphasizedText.m in Sources */,
			);
			runOnlyForDeploymentPostprocessing = 0;
		};
		BAB4C5C612F1BE580071765F /* Sources */ = {
			isa = PBXSourcesBuildPhase;
			buildActionMask = 2147483647;
			files = (
				BAB4C5D912F1BEAF0071765F /* main.m in Sources */,
				BA489B8F12F2C5C9009349BF /* NMParser.m in Sources */,
				BA489B9812F2C5E4009349BF /* NMDocument.m in Sources */,
				BA489B9B12F2C5F3009349BF /* NMParagraph.m in Sources */,
				BA489D7A12F2D2B7009349BF /* NMDocumentAssembler.m in Sources */,
				BA9CAC9D1303C963002A75AC /* InlineMarkupSpec.m in Sources */,
				BA9CACB21303D47C002A75AC /* NMText.m in Sources */,
				BA9CAD1A1303DF7A002A75AC /* NMEmphasizedText.m in Sources */,
				BA03AF7A13043AA8003BA7FE /* DocumentParsingSpec.m in Sources */,
			);
			runOnlyForDeploymentPostprocessing = 0;
		};
/* End PBXSourcesBuildPhase section */

/* Begin PBXVariantGroup section */
		089C1666FE841158C02AAC07 /* InfoPlist.strings */ = {
			isa = PBXVariantGroup;
			children = (
				089C1667FE841158C02AAC07 /* English */,
			);
			name = InfoPlist.strings;
			sourceTree = "<group>";
		};
/* End PBXVariantGroup section */

/* Begin XCBuildConfiguration section */
		1DEB91AE08733DA50010E9CD /* Debug */ = {
			isa = XCBuildConfiguration;
			buildSettings = {
				ALWAYS_SEARCH_USER_PATHS = NO;
				COPY_PHASE_STRIP = NO;
				DYLIB_COMPATIBILITY_VERSION = 1;
				DYLIB_CURRENT_VERSION = 1;
				FRAMEWORK_SEARCH_PATHS = (
					"$(inherited)",
					"\"$(SRCROOT)/../todparsekit-read-only/build/Debug\"",
				);
				FRAMEWORK_VERSION = A;
				GCC_DYNAMIC_NO_PIC = NO;
				GCC_ENABLE_FIX_AND_CONTINUE = YES;
				GCC_MODEL_TUNING = G5;
				GCC_OPTIMIZATION_LEVEL = 0;
				GCC_PRECOMPILE_PREFIX_HEADER = YES;
				GCC_PREFIX_HEADER = MarkupParser_Prefix.pch;
				GCC_VERSION = com.apple.compilers.llvm.clang.1_0;
				INFOPLIST_FILE = Info.plist;
				INSTALL_PATH = "$(HOME)/Library/Frameworks";
				PRODUCT_NAME = MarkupParser;
				WRAPPER_EXTENSION = framework;
			};
			name = Debug;
		};
		1DEB91AF08733DA50010E9CD /* Release */ = {
			isa = XCBuildConfiguration;
			buildSettings = {
				ALWAYS_SEARCH_USER_PATHS = NO;
				DEBUG_INFORMATION_FORMAT = "dwarf-with-dsym";
				DYLIB_COMPATIBILITY_VERSION = 1;
				DYLIB_CURRENT_VERSION = 1;
				FRAMEWORK_SEARCH_PATHS = (
					"$(inherited)",
					"\"$(SRCROOT)/../todparsekit-read-only/build/Debug\"",
				);
				FRAMEWORK_VERSION = A;
				GCC_MODEL_TUNING = G5;
				GCC_PRECOMPILE_PREFIX_HEADER = YES;
				GCC_PREFIX_HEADER = MarkupParser_Prefix.pch;
				GCC_VERSION = com.apple.compilers.llvm.clang.1_0;
				INFOPLIST_FILE = Info.plist;
				INSTALL_PATH = "$(HOME)/Library/Frameworks";
				PRODUCT_NAME = MarkupParser;
				WRAPPER_EXTENSION = framework;
			};
			name = Release;
		};
		1DEB91B208733DA50010E9CD /* Debug */ = {
			isa = XCBuildConfiguration;
			buildSettings = {
				ARCHS = "$(ARCHS_STANDARD_32_64_BIT)";
				GCC_C_LANGUAGE_STANDARD = gnu99;
				GCC_OPTIMIZATION_LEVEL = 0;
				GCC_WARN_ABOUT_RETURN_TYPE = YES;
				GCC_WARN_UNUSED_VARIABLE = YES;
				ONLY_ACTIVE_ARCH = YES;
				PREBINDING = NO;
				SDKROOT = macosx10.6;
			};
			name = Debug;
		};
		1DEB91B308733DA50010E9CD /* Release */ = {
			isa = XCBuildConfiguration;
			buildSettings = {
				ARCHS = "$(ARCHS_STANDARD_32_64_BIT)";
				GCC_C_LANGUAGE_STANDARD = gnu99;
				GCC_WARN_ABOUT_RETURN_TYPE = YES;
				GCC_WARN_UNUSED_VARIABLE = YES;
				PREBINDING = NO;
				SDKROOT = macosx10.6;
			};
			name = Release;
		};
		BAB4C5CB12F1BE580071765F /* Debug */ = {
			isa = XCBuildConfiguration;
			buildSettings = {
				ALWAYS_SEARCH_USER_PATHS = NO;
				COPY_PHASE_STRIP = NO;
				FRAMEWORK_SEARCH_PATHS = (
					"$(inherited)",
					"\"$(SRCROOT)/../cedar/build/Release\"",
				);
				GCC_DYNAMIC_NO_PIC = NO;
				GCC_ENABLE_FIX_AND_CONTINUE = YES;
				GCC_MODEL_TUNING = G5;
				GCC_OPTIMIZATION_LEVEL = 0;
				GCC_PRECOMPILE_PREFIX_HEADER = YES;
				GCC_PREFIX_HEADER = "$(SYSTEM_LIBRARY_DIR)/Frameworks/AppKit.framework/Headers/AppKit.h";
				GCC_VERSION = com.apple.compilers.llvm.clang.1_0;
				INSTALL_PATH = /usr/local/bin;
				OTHER_LDFLAGS = (
					"-framework",
					Foundation,
					"-framework",
					AppKit,
				);
				PREBINDING = NO;
				PRODUCT_NAME = Specs;
			};
			name = Debug;
		};
		BAB4C5CC12F1BE580071765F /* Release */ = {
			isa = XCBuildConfiguration;
			buildSettings = {
				ALWAYS_SEARCH_USER_PATHS = NO;
				ARCHS = "$(ARCHS_STANDARD_32_64_BIT)";
				COPY_PHASE_STRIP = YES;
				DEBUG_INFORMATION_FORMAT = "dwarf-with-dsym";
				FRAMEWORK_SEARCH_PATHS = (
					"$(inherited)",
					"\"$(SRCROOT)/../cedar/build/Release\"",
				);
				GCC_ENABLE_FIX_AND_CONTINUE = NO;
				GCC_MODEL_TUNING = G5;
				GCC_PRECOMPILE_PREFIX_HEADER = YES;
				GCC_PREFIX_HEADER = "$(SYSTEM_LIBRARY_DIR)/Frameworks/AppKit.framework/Headers/AppKit.h";
				GCC_VERSION = com.apple.compilers.llvm.clang.1_0;
				INSTALL_PATH = /usr/local/bin;
				MACOSX_DEPLOYMENT_TARGET = 10.6;
				OTHER_LDFLAGS = (
					"-framework",
					Foundation,
					"-framework",
					AppKit,
				);
				PREBINDING = NO;
				PRODUCT_NAME = Specs;
				SDKROOT = macosx10.6;
				ZERO_LINK = NO;
			};
			name = Release;
		};
/* End XCBuildConfiguration section */

/* Begin XCConfigurationList section */
		1DEB91AD08733DA50010E9CD /* Build configuration list for PBXNativeTarget "MarkupParser" */ = {
			isa = XCConfigurationList;
			buildConfigurations = (
				1DEB91AE08733DA50010E9CD /* Debug */,
				1DEB91AF08733DA50010E9CD /* Release */,
			);
			defaultConfigurationIsVisible = 0;
			defaultConfigurationName = Release;
		};
		1DEB91B108733DA50010E9CD /* Build configuration list for PBXProject "MarkupParser" */ = {
			isa = XCConfigurationList;
			buildConfigurations = (
				1DEB91B208733DA50010E9CD /* Debug */,
				1DEB91B308733DA50010E9CD /* Release */,
			);
			defaultConfigurationIsVisible = 0;
			defaultConfigurationName = Release;
		};
		BAB4C5CE12F1BE6A0071765F /* Build configuration list for PBXNativeTarget "Specs" */ = {
			isa = XCConfigurationList;
			buildConfigurations = (
				BAB4C5CB12F1BE580071765F /* Debug */,
				BAB4C5CC12F1BE580071765F /* Release */,
			);
			defaultConfigurationIsVisible = 0;
			defaultConfigurationName = Release;
		};
/* End XCConfigurationList section */
	};
	rootObject = 0867D690FE84028FC02AAC07 /* Project object */;
}
